// !$*UTF8*$!
{
	archiveVersion = 1;
	classes = {
	};
	objectVersion = 56;
	objects = {

/* Begin PBXBuildFile section */
		07CD31622C0FBC7D005E329C /* VerticalCarouselApp.swift in Sources */ = {isa = PBXBuildFile; fileRef = 07CD31612C0FBC7D005E329C /* VerticalCarouselApp.swift */; };
		07CD31642C0FBC7D005E329C /* ContentView.swift in Sources */ = {isa = PBXBuildFile; fileRef = 07CD31632C0FBC7D005E329C /* ContentView.swift */; };
		07CD31662C0FBC7F005E329C /* Assets.xcassets in Resources */ = {isa = PBXBuildFile; fileRef = 07CD31652C0FBC7F005E329C /* Assets.xcassets */; };
		07CD316A2C0FBC7F005E329C /* Preview Assets.xcassets in Resources */ = {isa = PBXBuildFile; fileRef = 07CD31692C0FBC7F005E329C /* Preview Assets.xcassets */; };
		07CD31742C0FBC7F005E329C /* VerticalCarouselTests.swift in Sources */ = {isa = PBXBuildFile; fileRef = 07CD31732C0FBC7F005E329C /* VerticalCarouselTests.swift */; };
		07CD317E2C0FBC7F005E329C /* VerticalCarouselUITests.swift in Sources */ = {isa = PBXBuildFile; fileRef = 07CD317D2C0FBC7F005E329C /* VerticalCarouselUITests.swift */; };
		07CD31802C0FBC7F005E329C /* VerticalCarouselUITestsLaunchTests.swift in Sources */ = {isa = PBXBuildFile; fileRef = 07CD317F2C0FBC7F005E329C /* VerticalCarouselUITestsLaunchTests.swift */; };
		07CD318E2C0FBD06005E329C /* Card.swift in Sources */ = {isa = PBXBuildFile; fileRef = 07CD318D2C0FBD06005E329C /* Card.swift */; };
		07CD31912C0FBE28005E329C /* Home.swift in Sources */ = {isa = PBXBuildFile; fileRef = 07CD31902C0FBE28005E329C /* Home.swift */; };
/* End PBXBuildFile section */

/* Begin PBXContainerItemProxy section */
		07CD31702C0FBC7F005E329C /* PBXContainerItemProxy */ = {
			isa = PBXContainerItemProxy;
			containerPortal = 07CD31562C0FBC7D005E329C /* Project object */;
			proxyType = 1;
			remoteGlobalIDString = 07CD315D2C0FBC7D005E329C;
			remoteInfo = VerticalCarousel;
		};
		07CD317A2C0FBC7F005E329C /* PBXContainerItemProxy */ = {
			isa = PBXContainerItemProxy;
			containerPortal = 07CD31562C0FBC7D005E329C /* Project object */;
			proxyType = 1;
			remoteGlobalIDString = 07CD315D2C0FBC7D005E329C;
			remoteInfo = VerticalCarousel;
		};
/* End PBXContainerItemProxy section */

/* Begin PBXFileReference section */
		07CD315E2C0FBC7D005E329C /* VerticalCarousel.app */ = {isa = PBXFileReference; explicitFileType = wrapper.application; includeInIndex = 0; path = VerticalCarousel.app; sourceTree = BUILT_PRODUCTS_DIR; };
		07CD31612C0FBC7D005E329C /* VerticalCarouselApp.swift */ = {isa = PBXFileReference; lastKnownFileType = sourcecode.swift; path = VerticalCarouselApp.swift; sourceTree = "<group>"; };
		07CD31632C0FBC7D005E329C /* ContentView.swift */ = {isa = PBXFileReference; lastKnownFileType = sourcecode.swift; path = ContentView.swift; sourceTree = "<group>"; };
		07CD31652C0FBC7F005E329C /* Assets.xcassets */ = {isa = PBXFileReference; lastKnownFileType = folder.assetcatalog; path = Assets.xcassets; sourceTree = "<group>"; };
		07CD31672C0FBC7F005E329C /* VerticalCarousel.entitlements */ = {isa = PBXFileReference; lastKnownFileType = text.plist.entitlements; path = VerticalCarousel.entitlements; sourceTree = "<group>"; };
		07CD31692C0FBC7F005E329C /* Preview Assets.xcassets */ = {isa = PBXFileReference; lastKnownFileType = folder.assetcatalog; path = "Preview Assets.xcassets"; sourceTree = "<group>"; };
		07CD316F2C0FBC7F005E329C /* VerticalCarouselTests.xctest */ = {isa = PBXFileReference; explicitFileType = wrapper.cfbundle; includeInIndex = 0; path = VerticalCarouselTests.xctest; sourceTree = BUILT_PRODUCTS_DIR; };
		07CD31732C0FBC7F005E329C /* VerticalCarouselTests.swift */ = {isa = PBXFileReference; lastKnownFileType = sourcecode.swift; path = VerticalCarouselTests.swift; sourceTree = "<group>"; };
		07CD31792C0FBC7F005E329C /* VerticalCarouselUITests.xctest */ = {isa = PBXFileReference; explicitFileType = wrapper.cfbundle; includeInIndex = 0; path = VerticalCarouselUITests.xctest; sourceTree = BUILT_PRODUCTS_DIR; };
		07CD317D2C0FBC7F005E329C /* VerticalCarouselUITests.swift */ = {isa = PBXFileReference; lastKnownFileType = sourcecode.swift; path = VerticalCarouselUITests.swift; sourceTree = "<group>"; };
		07CD317F2C0FBC7F005E329C /* VerticalCarouselUITestsLaunchTests.swift */ = {isa = PBXFileReference; lastKnownFileType = sourcecode.swift; path = VerticalCarouselUITestsLaunchTests.swift; sourceTree = "<group>"; };
		07CD318D2C0FBD06005E329C /* Card.swift */ = {isa = PBXFileReference; lastKnownFileType = sourcecode.swift; path = Card.swift; sourceTree = "<group>"; };
		07CD31902C0FBE28005E329C /* Home.swift */ = {isa = PBXFileReference; lastKnownFileType = sourcecode.swift; path = Home.swift; sourceTree = "<group>"; };
/* End PBXFileReference section */

/* Begin PBXFrameworksBuildPhase section */
		07CD315B2C0FBC7D005E329C /* Frameworks */ = {
			isa = PBXFrameworksBuildPhase;
			buildActionMask = 2147483647;
			files = (
			);
			runOnlyForDeploymentPostprocessing = 0;
		};
		07CD316C2C0FBC7F005E329C /* Frameworks */ = {
			isa = PBXFrameworksBuildPhase;
			buildActionMask = 2147483647;
			files = (
			);
			runOnlyForDeploymentPostprocessing = 0;
		};
		07CD31762C0FBC7F005E329C /* Frameworks */ = {
			isa = PBXFrameworksBuildPhase;
			buildActionMask = 2147483647;
			files = (
			);
			runOnlyForDeploymentPostprocessing = 0;
		};
/* End PBXFrameworksBuildPhase section */

/* Begin PBXGroup section */
		07CD31552C0FBC7D005E329C = {
			isa = PBXGroup;
			children = (
				07CD31602C0FBC7D005E329C /* VerticalCarousel */,
				07CD31722C0FBC7F005E329C /* VerticalCarouselTests */,
				07CD317C2C0FBC7F005E329C /* VerticalCarouselUITests */,
				07CD315F2C0FBC7D005E329C /* Products */,
			);
			sourceTree = "<group>";
		};
		07CD315F2C0FBC7D005E329C /* Products */ = {
			isa = PBXGroup;
			children = (
				07CD315E2C0FBC7D005E329C /* VerticalCarousel.app */,
				07CD316F2C0FBC7F005E329C /* VerticalCarouselTests.xctest */,
				07CD31792C0FBC7F005E329C /* VerticalCarouselUITests.xctest */,
			);
			name = Products;
			sourceTree = "<group>";
		};
		07CD31602C0FBC7D005E329C /* VerticalCarousel */ = {
			isa = PBXGroup;
			children = (
				07CD318F2C0FBE20005E329C /* View */,
				07CD318C2C0FBCF5005E329C /* Model */,
				07CD31612C0FBC7D005E329C /* VerticalCarouselApp.swift */,
				07CD31632C0FBC7D005E329C /* ContentView.swift */,
				07CD31652C0FBC7F005E329C /* Assets.xcassets */,
				07CD31672C0FBC7F005E329C /* VerticalCarousel.entitlements */,
				07CD31682C0FBC7F005E329C /* Preview Content */,
			);
			path = VerticalCarousel;
			sourceTree = "<group>";
		};
		07CD31682C0FBC7F005E329C /* Preview Content */ = {
			isa = PBXGroup;
			children = (
				07CD31692C0FBC7F005E329C /* Preview Assets.xcassets */,
			);
			path = "Preview Content";
			sourceTree = "<group>";
		};
		07CD31722C0FBC7F005E329C /* VerticalCarouselTests */ = {
			isa = PBXGroup;
			children = (
				07CD31732C0FBC7F005E329C /* VerticalCarouselTests.swift */,
			);
			path = VerticalCarouselTests;
			sourceTree = "<group>";
		};
		07CD317C2C0FBC7F005E329C /* VerticalCarouselUITests */ = {
			isa = PBXGroup;
			children = (
				07CD317D2C0FBC7F005E329C /* VerticalCarouselUITests.swift */,
				07CD317F2C0FBC7F005E329C /* VerticalCarouselUITestsLaunchTests.swift */,
			);
			path = VerticalCarouselUITests;
			sourceTree = "<group>";
		};
		07CD318C2C0FBCF5005E329C /* Model */ = {
			isa = PBXGroup;
			children = (
				07CD318D2C0FBD06005E329C /* Card.swift */,
			);
			path = Model;
			sourceTree = "<group>";
		};
		07CD318F2C0FBE20005E329C /* View */ = {
			isa = PBXGroup;
			children = (
				07CD31902C0FBE28005E329C /* Home.swift */,
			);
			path = View;
			sourceTree = "<group>";
		};
/* End PBXGroup section */

/* Begin PBXNativeTarget section */
		07CD315D2C0FBC7D005E329C /* VerticalCarousel */ = {
			isa = PBXNativeTarget;
			buildConfigurationList = 07CD31832C0FBC7F005E329C /* Build configuration list for PBXNativeTarget "VerticalCarousel" */;
			buildPhases = (
				07CD315A2C0FBC7D005E329C /* Sources */,
				07CD315B2C0FBC7D005E329C /* Frameworks */,
				07CD315C2C0FBC7D005E329C /* Resources */,
			);
			buildRules = (
			);
			dependencies = (
			);
			name = VerticalCarousel;
			productName = VerticalCarousel;
			productReference = 07CD315E2C0FBC7D005E329C /* VerticalCarousel.app */;
			productType = "com.apple.product-type.application";
		};
		07CD316E2C0FBC7F005E329C /* VerticalCarouselTests */ = {
			isa = PBXNativeTarget;
			buildConfigurationList = 07CD31862C0FBC7F005E329C /* Build configuration list for PBXNativeTarget "VerticalCarouselTests" */;
			buildPhases = (
				07CD316B2C0FBC7F005E329C /* Sources */,
				07CD316C2C0FBC7F005E329C /* Frameworks */,
				07CD316D2C0FBC7F005E329C /* Resources */,
			);
			buildRules = (
			);
			dependencies = (
				07CD31712C0FBC7F005E329C /* PBXTargetDependency */,
			);
			name = VerticalCarouselTests;
			productName = VerticalCarouselTests;
			productReference = 07CD316F2C0FBC7F005E329C /* VerticalCarouselTests.xctest */;
			productType = "com.apple.product-type.bundle.unit-test";
		};
		07CD31782C0FBC7F005E329C /* VerticalCarouselUITests */ = {
			isa = PBXNativeTarget;
			buildConfigurationList = 07CD31892C0FBC7F005E329C /* Build configuration list for PBXNativeTarget "VerticalCarouselUITests" */;
			buildPhases = (
				07CD31752C0FBC7F005E329C /* Sources */,
				07CD31762C0FBC7F005E329C /* Frameworks */,
				07CD31772C0FBC7F005E329C /* Resources */,
			);
			buildRules = (
			);
			dependencies = (
				07CD317B2C0FBC7F005E329C /* PBXTargetDependency */,
			);
			name = VerticalCarouselUITests;
			productName = VerticalCarouselUITests;
			productReference = 07CD31792C0FBC7F005E329C /* VerticalCarouselUITests.xctest */;
			productType = "com.apple.product-type.bundle.ui-testing";
		};
/* End PBXNativeTarget section */

/* Begin PBXProject section */
		07CD31562C0FBC7D005E329C /* Project object */ = {
			isa = PBXProject;
			attributes = {
				BuildIndependentTargetsInParallel = 1;
				LastSwiftUpdateCheck = 1530;
				LastUpgradeCheck = 1530;
				TargetAttributes = {
					07CD315D2C0FBC7D005E329C = {
						CreatedOnToolsVersion = 15.3;
					};
					07CD316E2C0FBC7F005E329C = {
						CreatedOnToolsVersion = 15.3;
						TestTargetID = 07CD315D2C0FBC7D005E329C;
					};
					07CD31782C0FBC7F005E329C = {
						CreatedOnToolsVersion = 15.3;
						TestTargetID = 07CD315D2C0FBC7D005E329C;
					};
				};
			};
			buildConfigurationList = 07CD31592C0FBC7D005E329C /* Build configuration list for PBXProject "VerticalCarousel" */;
			compatibilityVersion = "Xcode 14.0";
			developmentRegion = en;
			hasScannedForEncodings = 0;
			knownRegions = (
				en,
				Base,
			);
			mainGroup = 07CD31552C0FBC7D005E329C;
			productRefGroup = 07CD315F2C0FBC7D005E329C /* Products */;
			projectDirPath = "";
			projectRoot = "";
			targets = (
				07CD315D2C0FBC7D005E329C /* VerticalCarousel */,
				07CD316E2C0FBC7F005E329C /* VerticalCarouselTests */,
				07CD31782C0FBC7F005E329C /* VerticalCarouselUITests */,
			);
		};
/* End PBXProject section */

/* Begin PBXResourcesBuildPhase section */
		07CD315C2C0FBC7D005E329C /* Resources */ = {
			isa = PBXResourcesBuildPhase;
			buildActionMask = 2147483647;
			files = (
				07CD316A2C0FBC7F005E329C /* Preview Assets.xcassets in Resources */,
				07CD31662C0FBC7F005E329C /* Assets.xcassets in Resources */,
			);
			runOnlyForDeploymentPostprocessing = 0;
		};
		07CD316D2C0FBC7F005E329C /* Resources */ = {
			isa = PBXResourcesBuildPhase;
			buildActionMask = 2147483647;
			files = (
			);
			runOnlyForDeploymentPostprocessing = 0;
		};
		07CD31772C0FBC7F005E329C /* Resources */ = {
			isa = PBXResourcesBuildPhase;
			buildActionMask = 2147483647;
			files = (
			);
			runOnlyForDeploymentPostprocessing = 0;
		};
/* End PBXResourcesBuildPhase section */

/* Begin PBXSourcesBuildPhase section */
		07CD315A2C0FBC7D005E329C /* Sources */ = {
			isa = PBXSourcesBuildPhase;
			buildActionMask = 2147483647;
			files = (
				07CD31642C0FBC7D005E329C /* ContentView.swift in Sources */,
				07CD318E2C0FBD06005E329C /* Card.swift in Sources */,
				07CD31912C0FBE28005E329C /* Home.swift in Sources */,
				07CD31622C0FBC7D005E329C /* VerticalCarouselApp.swift in Sources */,
			);
			runOnlyForDeploymentPostprocessing = 0;
		};
		07CD316B2C0FBC7F005E329C /* Sources */ = {
			isa = PBXSourcesBuildPhase;
			buildActionMask = 2147483647;
			files = (
				07CD31742C0FBC7F005E329C /* VerticalCarouselTests.swift in Sources */,
			);
			runOnlyForDeploymentPostprocessing = 0;
		};
		07CD31752C0FBC7F005E329C /* Sources */ = {
			isa = PBXSourcesBuildPhase;
			buildActionMask = 2147483647;
			files = (
				07CD31802C0FBC7F005E329C /* VerticalCarouselUITestsLaunchTests.swift in Sources */,
				07CD317E2C0FBC7F005E329C /* VerticalCarouselUITests.swift in Sources */,
			);
			runOnlyForDeploymentPostprocessing = 0;
		};
/* End PBXSourcesBuildPhase section */

/* Begin PBXTargetDependency section */
		07CD31712C0FBC7F005E329C /* PBXTargetDependency */ = {
			isa = PBXTargetDependency;
			target = 07CD315D2C0FBC7D005E329C /* VerticalCarousel */;
			targetProxy = 07CD31702C0FBC7F005E329C /* PBXContainerItemProxy */;
		};
		07CD317B2C0FBC7F005E329C /* PBXTargetDependency */ = {
			isa = PBXTargetDependency;
			target = 07CD315D2C0FBC7D005E329C /* VerticalCarousel */;
			targetProxy = 07CD317A2C0FBC7F005E329C /* PBXContainerItemProxy */;
		};
/* End PBXTargetDependency section */

/* Begin XCBuildConfiguration section */
		07CD31812C0FBC7F005E329C /* Debug */ = {
			isa = XCBuildConfiguration;
			buildSettings = {
				ALWAYS_SEARCH_USER_PATHS = NO;
				ASSETCATALOG_COMPILER_GENERATE_SWIFT_ASSET_SYMBOL_EXTENSIONS = YES;
				CLANG_ANALYZER_NONNULL = YES;
				CLANG_ANALYZER_NUMBER_OBJECT_CONVERSION = YES_AGGRESSIVE;
				CLANG_CXX_LANGUAGE_STANDARD = "gnu++20";
				CLANG_ENABLE_MODULES = YES;
				CLANG_ENABLE_OBJC_ARC = YES;
				CLANG_ENABLE_OBJC_WEAK = YES;
				CLANG_WARN_BLOCK_CAPTURE_AUTORELEASING = YES;
				CLANG_WARN_BOOL_CONVERSION = YES;
				CLANG_WARN_COMMA = YES;
				CLANG_WARN_CONSTANT_CONVERSION = YES;
				CLANG_WARN_DEPRECATED_OBJC_IMPLEMENTATIONS = YES;
				CLANG_WARN_DIRECT_OBJC_ISA_USAGE = YES_ERROR;
				CLANG_WARN_DOCUMENTATION_COMMENTS = YES;
				CLANG_WARN_EMPTY_BODY = YES;
				CLANG_WARN_ENUM_CONVERSION = YES;
				CLANG_WARN_INFINITE_RECURSION = YES;
				CLANG_WARN_INT_CONVERSION = YES;
				CLANG_WARN_NON_LITERAL_NULL_CONVERSION = YES;
				CLANG_WARN_OBJC_IMPLICIT_RETAIN_SELF = YES;
				CLANG_WARN_OBJC_LITERAL_CONVERSION = YES;
				CLANG_WARN_OBJC_ROOT_CLASS = YES_ERROR;
				CLANG_WARN_QUOTED_INCLUDE_IN_FRAMEWORK_HEADER = YES;
				CLANG_WARN_RANGE_LOOP_ANALYSIS = YES;
				CLANG_WARN_STRICT_PROTOTYPES = YES;
				CLANG_WARN_SUSPICIOUS_MOVE = YES;
				CLANG_WARN_UNGUARDED_AVAILABILITY = YES_AGGRESSIVE;
				CLANG_WARN_UNREACHABLE_CODE = YES;
				CLANG_WARN__DUPLICATE_METHOD_MATCH = YES;
				COPY_PHASE_STRIP = NO;
				DEBUG_INFORMATION_FORMAT = dwarf;
				ENABLE_STRICT_OBJC_MSGSEND = YES;
				ENABLE_TESTABILITY = YES;
				ENABLE_USER_SCRIPT_SANDBOXING = YES;
				GCC_C_LANGUAGE_STANDARD = gnu17;
				GCC_DYNAMIC_NO_PIC = NO;
				GCC_NO_COMMON_BLOCKS = YES;
				GCC_OPTIMIZATION_LEVEL = 0;
				GCC_PREPROCESSOR_DEFINITIONS = (
					"DEBUG=1",
					"$(inherited)",
				);
				GCC_WARN_64_TO_32_BIT_CONVERSION = YES;
				GCC_WARN_ABOUT_RETURN_TYPE = YES_ERROR;
				GCC_WARN_UNDECLARED_SELECTOR = YES;
				GCC_WARN_UNINITIALIZED_AUTOS = YES_AGGRESSIVE;
				GCC_WARN_UNUSED_FUNCTION = YES;
				GCC_WARN_UNUSED_VARIABLE = YES;
				LOCALIZATION_PREFERS_STRING_CATALOGS = YES;
				MTL_ENABLE_DEBUG_INFO = INCLUDE_SOURCE;
				MTL_FAST_MATH = YES;
				ONLY_ACTIVE_ARCH = YES;
				SWIFT_ACTIVE_COMPILATION_CONDITIONS = "DEBUG $(inherited)";
				SWIFT_OPTIMIZATION_LEVEL = "-Onone";
			};
			name = Debug;
		};
		07CD31822C0FBC7F005E329C /* Release */ = {
			isa = XCBuildConfiguration;
			buildSettings = {
				ALWAYS_SEARCH_USER_PATHS = NO;
				ASSETCATALOG_COMPILER_GENERATE_SWIFT_ASSET_SYMBOL_EXTENSIONS = YES;
				CLANG_ANALYZER_NONNULL = YES;
				CLANG_ANALYZER_NUMBER_OBJECT_CONVERSION = YES_AGGRESSIVE;
				CLANG_CXX_LANGUAGE_STANDARD = "gnu++20";
				CLANG_ENABLE_MODULES = YES;
				CLANG_ENABLE_OBJC_ARC = YES;
				CLANG_ENABLE_OBJC_WEAK = YES;
				CLANG_WARN_BLOCK_CAPTURE_AUTORELEASING = YES;
				CLANG_WARN_BOOL_CONVERSION = YES;
				CLANG_WARN_COMMA = YES;
				CLANG_WARN_CONSTANT_CONVERSION = YES;
				CLANG_WARN_DEPRECATED_OBJC_IMPLEMENTATIONS = YES;
				CLANG_WARN_DIRECT_OBJC_ISA_USAGE = YES_ERROR;
				CLANG_WARN_DOCUMENTATION_COMMENTS = YES;
				CLANG_WARN_EMPTY_BODY = YES;
				CLANG_WARN_ENUM_CONVERSION = YES;
				CLANG_WARN_INFINITE_RECURSION = YES;
				CLANG_WARN_INT_CONVERSION = YES;
				CLANG_WARN_NON_LITERAL_NULL_CONVERSION = YES;
				CLANG_WARN_OBJC_IMPLICIT_RETAIN_SELF = YES;
				CLANG_WARN_OBJC_LITERAL_CONVERSION = YES;
				CLANG_WARN_OBJC_ROOT_CLASS = YES_ERROR;
				CLANG_WARN_QUOTED_INCLUDE_IN_FRAMEWORK_HEADER = YES;
				CLANG_WARN_RANGE_LOOP_ANALYSIS = YES;
				CLANG_WARN_STRICT_PROTOTYPES = YES;
				CLANG_WARN_SUSPICIOUS_MOVE = YES;
				CLANG_WARN_UNGUARDED_AVAILABILITY = YES_AGGRESSIVE;
				CLANG_WARN_UNREACHABLE_CODE = YES;
				CLANG_WARN__DUPLICATE_METHOD_MATCH = YES;
				COPY_PHASE_STRIP = NO;
				DEBUG_INFORMATION_FORMAT = "dwarf-with-dsym";
				ENABLE_NS_ASSERTIONS = NO;
				ENABLE_STRICT_OBJC_MSGSEND = YES;
				ENABLE_USER_SCRIPT_SANDBOXING = YES;
				GCC_C_LANGUAGE_STANDARD = gnu17;
				GCC_NO_COMMON_BLOCKS = YES;
				GCC_WARN_64_TO_32_BIT_CONVERSION = YES;
				GCC_WARN_ABOUT_RETURN_TYPE = YES_ERROR;
				GCC_WARN_UNDECLARED_SELECTOR = YES;
				GCC_WARN_UNINITIALIZED_AUTOS = YES_AGGRESSIVE;
				GCC_WARN_UNUSED_FUNCTION = YES;
				GCC_WARN_UNUSED_VARIABLE = YES;
				LOCALIZATION_PREFERS_STRING_CATALOGS = YES;
				MTL_ENABLE_DEBUG_INFO = NO;
				MTL_FAST_MATH = YES;
				SWIFT_COMPILATION_MODE = wholemodule;
			};
			name = Release;
		};
		07CD31842C0FBC7F005E329C /* Debug */ = {
			isa = XCBuildConfiguration;
			buildSettings = {
				ASSETCATALOG_COMPILER_APPICON_NAME = AppIcon;
				ASSETCATALOG_COMPILER_GLOBAL_ACCENT_COLOR_NAME = AccentColor;
				CODE_SIGN_ENTITLEMENTS = VerticalCarousel/VerticalCarousel.entitlements;
				CODE_SIGN_STYLE = Automatic;
				CURRENT_PROJECT_VERSION = 1;
				DEVELOPMENT_ASSET_PATHS = "\"VerticalCarousel/Preview Content\"";
				DEVELOPMENT_TEAM = F8RW9P2MFS;
				ENABLE_HARDENED_RUNTIME = YES;
				ENABLE_PREVIEWS = YES;
				GENERATE_INFOPLIST_FILE = YES;
				"INFOPLIST_KEY_UIApplicationSceneManifest_Generation[sdk=iphoneos*]" = YES;
				"INFOPLIST_KEY_UIApplicationSceneManifest_Generation[sdk=iphonesimulator*]" = YES;
				"INFOPLIST_KEY_UIApplicationSupportsIndirectInputEvents[sdk=iphoneos*]" = YES;
				"INFOPLIST_KEY_UIApplicationSupportsIndirectInputEvents[sdk=iphonesimulator*]" = YES;
				"INFOPLIST_KEY_UILaunchScreen_Generation[sdk=iphoneos*]" = YES;
				"INFOPLIST_KEY_UILaunchScreen_Generation[sdk=iphonesimulator*]" = YES;
				"INFOPLIST_KEY_UIStatusBarStyle[sdk=iphoneos*]" = UIStatusBarStyleDefault;
				"INFOPLIST_KEY_UIStatusBarStyle[sdk=iphonesimulator*]" = UIStatusBarStyleDefault;
				INFOPLIST_KEY_UISupportedInterfaceOrientations_iPad = "UIInterfaceOrientationPortrait UIInterfaceOrientationPortraitUpsideDown UIInterfaceOrientationLandscapeLeft UIInterfaceOrientationLandscapeRight";
				INFOPLIST_KEY_UISupportedInterfaceOrientations_iPhone = "UIInterfaceOrientationPortrait UIInterfaceOrientationLandscapeLeft UIInterfaceOrientationLandscapeRight";
				IPHONEOS_DEPLOYMENT_TARGET = 17.4;
				LD_RUNPATH_SEARCH_PATHS = "@executable_path/Frameworks";
				"LD_RUNPATH_SEARCH_PATHS[sdk=macosx*]" = "@executable_path/../Frameworks";
				MACOSX_DEPLOYMENT_TARGET = 14.4;
				MARKETING_VERSION = 1.0;
				PRODUCT_BUNDLE_IDENTIFIER = Scutydev.VerticalCarousel;
				PRODUCT_NAME = "$(TARGET_NAME)";
				SDKROOT = auto;
				SUPPORTED_PLATFORMS = "iphoneos iphonesimulator macosx";
				SWIFT_EMIT_LOC_STRINGS = YES;
				SWIFT_VERSION = 5.0;
				TARGETED_DEVICE_FAMILY = "1,2";
			};
			name = Debug;
		};
		07CD31852C0FBC7F005E329C /* Release */ = {
			isa = XCBuildConfiguration;
			buildSettings = {
				ASSETCATALOG_COMPILER_APPICON_NAME = AppIcon;
				ASSETCATALOG_COMPILER_GLOBAL_ACCENT_COLOR_NAME = AccentColor;
				CODE_SIGN_ENTITLEMENTS = VerticalCarousel/VerticalCarousel.entitlements;
				CODE_SIGN_STYLE = Automatic;
				CURRENT_PROJECT_VERSION = 1;
				DEVELOPMENT_ASSET_PATHS = "\"VerticalCarousel/Preview Content\"";
				DEVELOPMENT_TEAM = F8RW9P2MFS;
				ENABLE_HARDENED_RUNTIME = YES;
				ENABLE_PREVIEWS = YES;
				GENERATE_INFOPLIST_FILE = YES;
				"INFOPLIST_KEY_UIApplicationSceneManifest_Generation[sdk=iphoneos*]" = YES;
				"INFOPLIST_KEY_UIApplicationSceneManifest_Generation[sdk=iphonesimulator*]" = YES;
				"INFOPLIST_KEY_UIApplicationSupportsIndirectInputEvents[sdk=iphoneos*]" = YES;
				"INFOPLIST_KEY_UIApplicationSupportsIndirectInputEvents[sdk=iphonesimulator*]" = YES;
				"INFOPLIST_KEY_UILaunchScreen_Generation[sdk=iphoneos*]" = YES;
				"INFOPLIST_KEY_UILaunchScreen_Generation[sdk=iphonesimulator*]" = YES;
				"INFOPLIST_KEY_UIStatusBarStyle[sdk=iphoneos*]" = UIStatusBarStyleDefault;
				"INFOPLIST_KEY_UIStatusBarStyle[sdk=iphonesimulator*]" = UIStatusBarStyleDefault;
				INFOPLIST_KEY_UISupportedInterfaceOrientations_iPad = "UIInterfaceOrientationPortrait UIInterfaceOrientationPortraitUpsideDown UIInterfaceOrientationLandscapeLeft UIInterfaceOrientationLandscapeRight";
				INFOPLIST_KEY_UISupportedInterfaceOrientations_iPhone = "UIInterfaceOrientationPortrait UIInterfaceOrientationLandscapeLeft UIInterfaceOrientationLandscapeRight";
				IPHONEOS_DEPLOYMENT_TARGET = 17.4;
				LD_RUNPATH_SEARCH_PATHS = "@executable_path/Frameworks";
				"LD_RUNPATH_SEARCH_PATHS[sdk=macosx*]" = "@executable_path/../Frameworks";
				MACOSX_DEPLOYMENT_TARGET = 14.4;
				MARKETING_VERSION = 1.0;
				PRODUCT_BUNDLE_IDENTIFIER = Scutydev.VerticalCarousel;
				PRODUCT_NAME = "$(TARGET_NAME)";
				SDKROOT = auto;
				SUPPORTED_PLATFORMS = "iphoneos iphonesimulator macosx";
				SWIFT_EMIT_LOC_STRINGS = YES;
				SWIFT_VERSION = 5.0;
				TARGETED_DEVICE_FAMILY = "1,2";
			};
			name = Release;
		};
		07CD31872C0FBC7F005E329C /* Debug */ = {
			isa = XCBuildConfiguration;
			buildSettings = {
				ALWAYS_EMBED_SWIFT_STANDARD_LIBRARIES = YES;
				BUNDLE_LOADER = "$(TEST_HOST)";
				CODE_SIGN_STYLE = Automatic;
				CURRENT_PROJECT_VERSION = 1;
				DEVELOPMENT_TEAM = F8RW9P2MFS;
				GENERATE_INFOPLIST_FILE = YES;
				IPHONEOS_DEPLOYMENT_TARGET = 17.4;
				MACOSX_DEPLOYMENT_TARGET = 14.4;
				MARKETING_VERSION = 1.0;
				PRODUCT_BUNDLE_IDENTIFIER = Scutydev.VerticalCarouselTests;
				PRODUCT_NAME = "$(TARGET_NAME)";
				SDKROOT = auto;
				SUPPORTED_PLATFORMS = "iphoneos iphonesimulator macosx";
				SWIFT_EMIT_LOC_STRINGS = NO;
				SWIFT_VERSION = 5.0;
				TARGETED_DEVICE_FAMILY = "1,2";
				TEST_HOST = "$(BUILT_PRODUCTS_DIR)/VerticalCarousel.app/$(BUNDLE_EXECUTABLE_FOLDER_PATH)/VerticalCarousel";
			};
			name = Debug;
		};
		07CD31882C0FBC7F005E329C /* Release */ = {
			isa = XCBuildConfiguration;
			buildSettings = {
				ALWAYS_EMBED_SWIFT_STANDARD_LIBRARIES = YES;
				BUNDLE_LOADER = "$(TEST_HOST)";
				CODE_SIGN_STYLE = Automatic;
				CURRENT_PROJECT_VERSION = 1;
				DEVELOPMENT_TEAM = F8RW9P2MFS;
				GENERATE_INFOPLIST_FILE = YES;
				IPHONEOS_DEPLOYMENT_TARGET = 17.4;
				MACOSX_DEPLOYMENT_TARGET = 14.4;
				MARKETING_VERSION = 1.0;
				PRODUCT_BUNDLE_IDENTIFIER = Scutydev.VerticalCarouselTests;
				PRODUCT_NAME = "$(TARGET_NAME)";
				SDKROOT = auto;
				SUPPORTED_PLATFORMS = "iphoneos iphonesimulator macosx";
				SWIFT_EMIT_LOC_STRINGS = NO;
				SWIFT_VERSION = 5.0;
				TARGETED_DEVICE_FAMILY = "1,2";
				TEST_HOST = "$(BUILT_PRODUCTS_DIR)/VerticalCarousel.app/$(BUNDLE_EXECUTABLE_FOLDER_PATH)/VerticalCarousel";
			};
			name = Release;
		};
		07CD318A2C0FBC7F005E329C /* Debug */ = {
			isa = XCBuildConfiguration;
			buildSettings = {
				ALWAYS_EMBED_SWIFT_STANDARD_LIBRARIES = YES;
				CODE_SIGN_STYLE = Automatic;
				CURRENT_PROJECT_VERSION = 1;
				DEVELOPMENT_TEAM = F8RW9P2MFS;
				GENERATE_INFOPLIST_FILE = YES;
				IPHONEOS_DEPLOYMENT_TARGET = 17.4;
				MACOSX_DEPLOYMENT_TARGET = 14.4;
				MARKETING_VERSION = 1.0;
				PRODUCT_BUNDLE_IDENTIFIER = Scutydev.VerticalCarouselUITests;
				PRODUCT_NAME = "$(TARGET_NAME)";
				SDKROOT = auto;
				SUPPORTED_PLATFORMS = "iphoneos iphonesimulator macosx";
				SWIFT_EMIT_LOC_STRINGS = NO;
				SWIFT_VERSION = 5.0;
				TARGETED_DEVICE_FAMILY = "1,2";
				TEST_TARGET_NAME = VerticalCarousel;
			};
			name = Debug;
		};
		07CD318B2C0FBC7F005E329C /* Release */ = {
			isa = XCBuildConfiguration;
			buildSettings = {
				ALWAYS_EMBED_SWIFT_STANDARD_LIBRARIES = YES;
				CODE_SIGN_STYLE = Automatic;
				CURRENT_PROJECT_VERSION = 1;
				DEVELOPMENT_TEAM = F8RW9P2MFS;
				GENERATE_INFOPLIST_FILE = YES;
				IPHONEOS_DEPLOYMENT_TARGET = 17.4;
				MACOSX_DEPLOYMENT_TARGET = 14.4;
				MARKETING_VERSION = 1.0;
				PRODUCT_BUNDLE_IDENTIFIER = Scutydev.VerticalCarouselUITests;
				PRODUCT_NAME = "$(TARGET_NAME)";
				SDKROOT = auto;
				SUPPORTED_PLATFORMS = "iphoneos iphonesimulator macosx";
				SWIFT_EMIT_LOC_STRINGS = NO;
				SWIFT_VERSION = 5.0;
				TARGETED_DEVICE_FAMILY = "1,2";
				TEST_TARGET_NAME = VerticalCarousel;
			};
			name = Release;
		};
/* End XCBuildConfiguration section */

/* Begin XCConfigurationList section */
		07CD31592C0FBC7D005E329C /* Build configuration list for PBXProject "VerticalCarousel" */ = {
			isa = XCConfigurationList;
			buildConfigurations = (
				07CD31812C0FBC7F005E329C /* Debug */,
				07CD31822C0FBC7F005E329C /* Release */,
			);
			defaultConfigurationIsVisible = 0;
			defaultConfigurationName = Release;
		};
		07CD31832C0FBC7F005E329C /* Build configuration list for PBXNativeTarget "VerticalCarousel" */ = {
			isa = XCConfigurationList;
			buildConfigurations = (
				07CD31842C0FBC7F005E329C /* Debug */,
				07CD31852C0FBC7F005E329C /* Release */,
			);
			defaultConfigurationIsVisible = 0;
			defaultConfigurationName = Release;
		};
		07CD31862C0FBC7F005E329C /* Build configuration list for PBXNativeTarget "VerticalCarouselTests" */ = {
			isa = XCConfigurationList;
			buildConfigurations = (
				07CD31872C0FBC7F005E329C /* Debug */,
				07CD31882C0FBC7F005E329C /* Release */,
			);
			defaultConfigurationIsVisible = 0;
			defaultConfigurationName = Release;
		};
		07CD31892C0FBC7F005E329C /* Build configuration list for PBXNativeTarget "VerticalCarouselUITests" */ = {
			isa = XCConfigurationList;
			buildConfigurations = (
				07CD318A2C0FBC7F005E329C /* Debug */,
				07CD318B2C0FBC7F005E329C /* Release */,
			);
			defaultConfigurationIsVisible = 0;
			defaultConfigurationName = Release;
		};
/* End XCConfigurationList section */
	};
	rootObject = 07CD31562C0FBC7D005E329C /* Project object */;
}
